
Microsoft Visual Studio Solution File, Format Version 11.00
# Visual Studio 2010
Project("{FAE04EC0-301F-11D3-BF4B-00C04F79EFBC}") = "ABB.SrcML", "ABB.SrcML\ABB.SrcML.csproj", "{D52626E7-A4CA-471A-8A6A-FE0110430FE6}"
EndProject
Project("{2150E333-8FDC-42A3-9474-1A3956D46DE8}") = "Solution Items", "Solution Items", "{D4CB6CC1-0630-4FCA-BD07-C7E3DEF24AD6}"
	ProjectSection(SolutionItems) = preProject
		Local.testsettings = Local.testsettings
		SolutionInfo.cs = SolutionInfo.cs
		SrcML.NET.vsmdi = SrcML.NET.vsmdi
		TraceAndTestImpact.testsettings = TraceAndTestImpact.testsettings
	EndProjectSection
EndProject
Project("{FAE04EC0-301F-11D3-BF4B-00C04F79EFBC}") = "ABB.SrcML.Test", "ABB.SrcML.Test\ABB.SrcML.Test.csproj", "{86EFC1F8-3E42-4130-B290-FEBE98C3D784}"
EndProject
Global
	GlobalSection(TestCaseManagementSettings) = postSolution
		CategoryFile = SrcML.NET.vsmdi
	EndGlobalSection
	GlobalSection(SolutionConfigurationPlatforms) = preSolution
		Debug|Any CPU = Debug|Any CPU
		Release|Any CPU = Release|Any CPU
	EndGlobalSection
	GlobalSection(ProjectConfigurationPlatforms) = postSolution
		{D52626E7-A4CA-471A-8A6A-FE0110430FE6}.Debug|Any CPU.ActiveCfg = Debug|Any CPU
		{D52626E7-A4CA-471A-8A6A-FE0110430FE6}.Debug|Any CPU.Build.0 = Debug|Any CPU
		{D52626E7-A4CA-471A-8A6A-FE0110430FE6}.Release|Any CPU.ActiveCfg = Release|Any CPU
		{D52626E7-A4CA-471A-8A6A-FE0110430FE6}.Release|Any CPU.Build.0 = Release|Any CPU
		{86EFC1F8-3E42-4130-B290-FEBE98C3D784}.Debug|Any CPU.ActiveCfg = Debug|Any CPU
		{86EFC1F8-3E42-4130-B290-FEBE98C3D784}.Debug|Any CPU.Build.0 = Debug|Any CPU
		{86EFC1F8-3E42-4130-B290-FEBE98C3D784}.Release|Any CPU.ActiveCfg = Release|Any CPU
		{86EFC1F8-3E42-4130-B290-FEBE98C3D784}.Release|Any CPU.Build.0 = Release|Any CPU
	EndGlobalSection
	GlobalSection(SolutionProperties) = preSolution
		HideSolutionNode = FALSE
	EndGlobalSection
EndGlobal
