
Microsoft Visual Studio Solution File, Format Version 12.00
# Visual Studio 2013
VisualStudioVersion = 12.0.31101.0
MinimumVisualStudioVersion = 10.0.40219.1
Project("{2150E333-8FDC-42A3-9474-1A3956D46DE8}") = "Solution Items", "Solution Items", "{D4CB6CC1-0630-4FCA-BD07-C7E3DEF24AD6}"
	ProjectSection(SolutionItems) = preProject
		epl-v10.html = epl-v10.html
		IntegrationTests.testsettings = IntegrationTests.testsettings
		notice.html = notice.html
		SolutionInfo.cs = SolutionInfo.cs
		SrcML.NET.nunit = SrcML.NET.nunit
		SrcML.NET.proj = SrcML.NET.proj
		SrcML.NET.shfbproj = SrcML.NET.shfbproj
		UnitTests.testsettings = UnitTests.testsettings
	EndProjectSection
EndProject
Project("{2150E333-8FDC-42A3-9474-1A3956D46DE8}") = "Tools", "Tools", "{1C12F8F6-3898-4793-9D93-13E9D5614C6C}"
EndProject
Project("{2150E333-8FDC-42A3-9474-1A3956D46DE8}") = "VisualStudio", "VisualStudio", "{E9F6AFA3-6494-4C3E-9807-5270E91268BA}"
EndProject
Project("{2150E333-8FDC-42A3-9474-1A3956D46DE8}") = "Templates", "Templates", "{CF76541B-8289-416C-BAA6-34F586FB6F79}"
	ProjectSection(SolutionItems) = preProject
		VisualStudio\Templates\ABB SrcML Transform Class.zip = VisualStudio\Templates\ABB SrcML Transform Class.zip
		VisualStudio\Templates\ABB SrcML Transform Project.zip = VisualStudio\Templates\ABB SrcML Transform Project.zip
	EndProjectSection
EndProject
Project("{FAE04EC0-301F-11D3-BF4B-00C04F79EFBC}") = "ABB.SrcML", "ABB.SrcML\ABB.SrcML.csproj", "{D52626E7-A4CA-471A-8A6A-FE0110430FE6}"
EndProject
Project("{FAE04EC0-301F-11D3-BF4B-00C04F79EFBC}") = "ABB.SrcML.Test", "ABB.SrcML.Test\ABB.SrcML.Test.csproj", "{86EFC1F8-3E42-4130-B290-FEBE98C3D784}"
EndProject
Project("{FAE04EC0-301F-11D3-BF4B-00C04F79EFBC}") = "ABB.SrcML.Tools.Converter", "Tools\ABB.SrcML.Tools.Converter\ABB.SrcML.Tools.Converter.csproj", "{F5A50144-E874-4B1F-9A3C-C82D918F7A0A}"
EndProject
Project("{FAE04EC0-301F-11D3-BF4B-00C04F79EFBC}") = "ABB.SrcML.Tools.Src2SrcMLPreview", "Tools\ABB.SrcML.Tools.Src2SrcMLPreview\ABB.SrcML.Tools.Src2SrcMLPreview.csproj", "{840DE623-4378-4D9B-96F9-776980986424}"
EndProject
Project("{FAE04EC0-301F-11D3-BF4B-00C04F79EFBC}") = "ABB.SrcML.VisualStudio.PreviewAddIn", "VisualStudio\ABB.SrcML.VisualStudio.PreviewAddIn\ABB.SrcML.VisualStudio.PreviewAddIn.csproj", "{3A84638C-3C36-4884-BD71-F8E179351007}"
EndProject
Project("{FAE04EC0-301F-11D3-BF4B-00C04F79EFBC}") = "SDML.SrcMLVSAddin.SyntaticCategory", "VisualStudio\SDML.SrcMLVSAddin.SyntaticCategory\SDML.SrcMLVSAddin.SyntaticCategory.csproj", "{6A36C287-9889-4809-A189-E27D322386EB}"
EndProject
Project("{FAE04EC0-301F-11D3-BF4B-00C04F79EFBC}") = "SDML.SrcMLVSAddin.SyntaticCategory.Test", "VisualStudio\SDML.SrcMLVSAddin.SyntaticCategory.Test\SDML.SrcMLVSAddin.SyntaticCategory.Test.csproj", "{88391431-32B4-4D34-B9AD-0E1F4ACA961B}"
EndProject
Project("{FAE04EC0-301F-11D3-BF4B-00C04F79EFBC}") = "ABB.SrcML.VisualStudio.TransformTemplate", "VisualStudio\ABB.SrcML.VisualStudio.TransformTemplate\ABB.SrcML.VisualStudio.TransformTemplate.csproj", "{648A1C26-197D-482A-A368-1A92D54BF7E6}"
EndProject
Project("{FAE04EC0-301F-11D3-BF4B-00C04F79EFBC}") = "ABB.SrcML.Tools.ArchiveUpdater", "Tools\ABB.SrcML.Tools.ArchiveUpdater\ABB.SrcML.Tools.ArchiveUpdater.csproj", "{273ADE66-8AF4-4736-8068-BF5C593C7F06}"
EndProject
Project("{FAE04EC0-301F-11D3-BF4B-00C04F79EFBC}") = "ABB.SrcML.VisualStudio.SolutionMonitor", "VisualStudio\ABB.SrcML.VisualStudio.SolutionMonitor\ABB.SrcML.VisualStudio.SolutionMonitor.csproj", "{873DD65E-2C15-413D-9441-9850AC9A6B84}"
EndProject
Project("{FAE04EC0-301F-11D3-BF4B-00C04F79EFBC}") = "ABB.SrcML.Data", "ABB.SrcML.Data\ABB.SrcML.Data.csproj", "{73C24E33-465B-424D-B35A-39F1750F705E}"
EndProject
Project("{FAE04EC0-301F-11D3-BF4B-00C04F79EFBC}") = "ABB.SrcML.VisualStudio", "VisualStudio\ABB.SrcML.VisualStudio.SrcMLService\ABB.SrcML.VisualStudio.csproj", "{C3FC3845-B74F-498E-A8E5-80F5AE013DA0}"
EndProject
Project("{FAE04EC0-301F-11D3-BF4B-00C04F79EFBC}") = "ABB.SrcML.VisualStudio.SrcMLService.IntegrationTests", "VisualStudio\ABB.SrcML.VisualStudio.SrcMLService.IntegrationTests\ABB.SrcML.VisualStudio.SrcMLService.IntegrationTests.csproj", "{A1D86129-0342-4D94-8329-5F46FB75E92A}"
EndProject
Project("{FAE04EC0-301F-11D3-BF4B-00C04F79EFBC}") = "ABB.SrcML.VisualStudio.SrcMLService.UnitTests", "VisualStudio\ABB.SrcML.VisualStudio.SrcMLService.UnitTests\ABB.SrcML.VisualStudio.SrcMLService.UnitTests.csproj", "{4B2A4172-94E9-4544-9170-912F8C84FFD4}"
EndProject
Project("{FAE04EC0-301F-11D3-BF4B-00C04F79EFBC}") = "ABB.SrcML.Tools.DataTester", "Tools\ABB.SrcML.Tools.DataTester\ABB.SrcML.Tools.DataTester.csproj", "{B2FD5071-9B3B-4DE5-A1D2-3233989DEF77}"
EndProject
Project("{930C7802-8A8C-48F9-8165-68863BCCD9DD}") = "ProgramTransformationSetup", "VisualStudio\ProgramTransformationSetup\ProgramTransformationSetup.wixproj", "{CA38430C-390A-4B09-8A29-37C57C418F1C}"
EndProject
Project("{FAE04EC0-301F-11D3-BF4B-00C04F79EFBC}") = "ABB.SrcML.Test.Utilities", "ABB.SrcML.Test.Utilities\ABB.SrcML.Test.Utilities.csproj", "{46A346F2-679E-4EED-94A5-1A36BA56C2EE}"
EndProject
Project("{FAE04EC0-301F-11D3-BF4B-00C04F79EFBC}") = "ABB.SrcML.Tools.MethodCallSurvey", "Tools\ABB.SrcML.Tools.MethodCallSurvey\ABB.SrcML.Tools.MethodCallSurvey.csproj", "{4D1DE8A4-0C55-49E2-AF37-3B47A8A447B2}"
EndProject
Project("{FAE04EC0-301F-11D3-BF4B-00C04F79EFBC}") = "ABB.SrcML.Data.Test", "ABB.SrcML.Data.Test\ABB.SrcML.Data.Test.csproj", "{2D910B34-7FEE-44DC-B79F-00DA2A914295}"
EndProject
Global
	GlobalSection(SolutionConfigurationPlatforms) = preSolution
		Debug|Any CPU = Debug|Any CPU
		Debug|Mixed Platforms = Debug|Mixed Platforms
		Debug|x86 = Debug|x86
		Release|Any CPU = Release|Any CPU
		Release|Mixed Platforms = Release|Mixed Platforms
		Release|x86 = Release|x86
	EndGlobalSection
	GlobalSection(ProjectConfigurationPlatforms) = postSolution
		{D52626E7-A4CA-471A-8A6A-FE0110430FE6}.Debug|Any CPU.ActiveCfg = Debug|Any CPU
		{D52626E7-A4CA-471A-8A6A-FE0110430FE6}.Debug|Any CPU.Build.0 = Debug|Any CPU
		{D52626E7-A4CA-471A-8A6A-FE0110430FE6}.Debug|Mixed Platforms.ActiveCfg = Debug|Any CPU
		{D52626E7-A4CA-471A-8A6A-FE0110430FE6}.Debug|Mixed Platforms.Build.0 = Debug|Any CPU
		{D52626E7-A4CA-471A-8A6A-FE0110430FE6}.Debug|x86.ActiveCfg = Debug|Any CPU
		{D52626E7-A4CA-471A-8A6A-FE0110430FE6}.Release|Any CPU.ActiveCfg = Release|Any CPU
		{D52626E7-A4CA-471A-8A6A-FE0110430FE6}.Release|Any CPU.Build.0 = Release|Any CPU
		{D52626E7-A4CA-471A-8A6A-FE0110430FE6}.Release|Mixed Platforms.ActiveCfg = Release|Any CPU
		{D52626E7-A4CA-471A-8A6A-FE0110430FE6}.Release|Mixed Platforms.Build.0 = Release|Any CPU
		{D52626E7-A4CA-471A-8A6A-FE0110430FE6}.Release|x86.ActiveCfg = Release|Any CPU
		{86EFC1F8-3E42-4130-B290-FEBE98C3D784}.Debug|Any CPU.ActiveCfg = Debug|Any CPU
		{86EFC1F8-3E42-4130-B290-FEBE98C3D784}.Debug|Any CPU.Build.0 = Debug|Any CPU
		{86EFC1F8-3E42-4130-B290-FEBE98C3D784}.Debug|Mixed Platforms.ActiveCfg = Debug|Any CPU
		{86EFC1F8-3E42-4130-B290-FEBE98C3D784}.Debug|Mixed Platforms.Build.0 = Debug|Any CPU
		{86EFC1F8-3E42-4130-B290-FEBE98C3D784}.Debug|x86.ActiveCfg = Debug|Any CPU
		{86EFC1F8-3E42-4130-B290-FEBE98C3D784}.Release|Any CPU.ActiveCfg = Release|Any CPU
		{86EFC1F8-3E42-4130-B290-FEBE98C3D784}.Release|Any CPU.Build.0 = Release|Any CPU
		{86EFC1F8-3E42-4130-B290-FEBE98C3D784}.Release|Mixed Platforms.ActiveCfg = Release|Any CPU
		{86EFC1F8-3E42-4130-B290-FEBE98C3D784}.Release|Mixed Platforms.Build.0 = Release|Any CPU
		{86EFC1F8-3E42-4130-B290-FEBE98C3D784}.Release|x86.ActiveCfg = Release|Any CPU
		{F5A50144-E874-4B1F-9A3C-C82D918F7A0A}.Debug|Any CPU.ActiveCfg = Debug|Any CPU
		{F5A50144-E874-4B1F-9A3C-C82D918F7A0A}.Debug|Any CPU.Build.0 = Debug|Any CPU
		{F5A50144-E874-4B1F-9A3C-C82D918F7A0A}.Debug|Mixed Platforms.ActiveCfg = Debug|Any CPU
		{F5A50144-E874-4B1F-9A3C-C82D918F7A0A}.Debug|Mixed Platforms.Build.0 = Debug|Any CPU
		{F5A50144-E874-4B1F-9A3C-C82D918F7A0A}.Debug|x86.ActiveCfg = Debug|Any CPU
		{F5A50144-E874-4B1F-9A3C-C82D918F7A0A}.Release|Any CPU.ActiveCfg = Release|Any CPU
		{F5A50144-E874-4B1F-9A3C-C82D918F7A0A}.Release|Any CPU.Build.0 = Release|Any CPU
		{F5A50144-E874-4B1F-9A3C-C82D918F7A0A}.Release|Mixed Platforms.ActiveCfg = Release|Any CPU
		{F5A50144-E874-4B1F-9A3C-C82D918F7A0A}.Release|Mixed Platforms.Build.0 = Release|Any CPU
		{F5A50144-E874-4B1F-9A3C-C82D918F7A0A}.Release|x86.ActiveCfg = Release|Any CPU
		{840DE623-4378-4D9B-96F9-776980986424}.Debug|Any CPU.ActiveCfg = Debug|Any CPU
		{840DE623-4378-4D9B-96F9-776980986424}.Debug|Any CPU.Build.0 = Debug|Any CPU
		{840DE623-4378-4D9B-96F9-776980986424}.Debug|Mixed Platforms.ActiveCfg = Debug|Any CPU
		{840DE623-4378-4D9B-96F9-776980986424}.Debug|Mixed Platforms.Build.0 = Debug|Any CPU
		{840DE623-4378-4D9B-96F9-776980986424}.Debug|x86.ActiveCfg = Debug|Any CPU
		{840DE623-4378-4D9B-96F9-776980986424}.Release|Any CPU.ActiveCfg = Release|Any CPU
		{840DE623-4378-4D9B-96F9-776980986424}.Release|Any CPU.Build.0 = Release|Any CPU
		{840DE623-4378-4D9B-96F9-776980986424}.Release|Mixed Platforms.ActiveCfg = Release|Any CPU
		{840DE623-4378-4D9B-96F9-776980986424}.Release|Mixed Platforms.Build.0 = Release|Any CPU
		{840DE623-4378-4D9B-96F9-776980986424}.Release|x86.ActiveCfg = Release|Any CPU
		{3A84638C-3C36-4884-BD71-F8E179351007}.Debug|Any CPU.ActiveCfg = Debug|Any CPU
		{3A84638C-3C36-4884-BD71-F8E179351007}.Debug|Any CPU.Build.0 = Debug|Any CPU
		{3A84638C-3C36-4884-BD71-F8E179351007}.Debug|Mixed Platforms.ActiveCfg = Debug|Any CPU
		{3A84638C-3C36-4884-BD71-F8E179351007}.Debug|Mixed Platforms.Build.0 = Debug|Any CPU
		{3A84638C-3C36-4884-BD71-F8E179351007}.Debug|x86.ActiveCfg = Debug|Any CPU
		{3A84638C-3C36-4884-BD71-F8E179351007}.Release|Any CPU.ActiveCfg = Release|Any CPU
		{3A84638C-3C36-4884-BD71-F8E179351007}.Release|Any CPU.Build.0 = Release|Any CPU
		{3A84638C-3C36-4884-BD71-F8E179351007}.Release|Mixed Platforms.ActiveCfg = Release|Any CPU
		{3A84638C-3C36-4884-BD71-F8E179351007}.Release|Mixed Platforms.Build.0 = Release|Any CPU
		{3A84638C-3C36-4884-BD71-F8E179351007}.Release|x86.ActiveCfg = Release|Any CPU
		{6A36C287-9889-4809-A189-E27D322386EB}.Debug|Any CPU.ActiveCfg = Debug|Any CPU
		{6A36C287-9889-4809-A189-E27D322386EB}.Debug|Any CPU.Build.0 = Debug|Any CPU
		{6A36C287-9889-4809-A189-E27D322386EB}.Debug|Mixed Platforms.ActiveCfg = Debug|Any CPU
		{6A36C287-9889-4809-A189-E27D322386EB}.Debug|Mixed Platforms.Build.0 = Debug|Any CPU
		{6A36C287-9889-4809-A189-E27D322386EB}.Debug|x86.ActiveCfg = Debug|Any CPU
		{6A36C287-9889-4809-A189-E27D322386EB}.Release|Any CPU.ActiveCfg = Release|Any CPU
		{6A36C287-9889-4809-A189-E27D322386EB}.Release|Any CPU.Build.0 = Release|Any CPU
		{6A36C287-9889-4809-A189-E27D322386EB}.Release|Mixed Platforms.ActiveCfg = Release|Any CPU
		{6A36C287-9889-4809-A189-E27D322386EB}.Release|Mixed Platforms.Build.0 = Release|Any CPU
		{6A36C287-9889-4809-A189-E27D322386EB}.Release|x86.ActiveCfg = Release|Any CPU
		{88391431-32B4-4D34-B9AD-0E1F4ACA961B}.Debug|Any CPU.ActiveCfg = Debug|Any CPU
		{88391431-32B4-4D34-B9AD-0E1F4ACA961B}.Debug|Any CPU.Build.0 = Debug|Any CPU
		{88391431-32B4-4D34-B9AD-0E1F4ACA961B}.Debug|Mixed Platforms.ActiveCfg = Debug|Any CPU
		{88391431-32B4-4D34-B9AD-0E1F4ACA961B}.Debug|Mixed Platforms.Build.0 = Debug|Any CPU
		{88391431-32B4-4D34-B9AD-0E1F4ACA961B}.Debug|x86.ActiveCfg = Debug|Any CPU
		{88391431-32B4-4D34-B9AD-0E1F4ACA961B}.Release|Any CPU.ActiveCfg = Release|Any CPU
		{88391431-32B4-4D34-B9AD-0E1F4ACA961B}.Release|Any CPU.Build.0 = Release|Any CPU
		{88391431-32B4-4D34-B9AD-0E1F4ACA961B}.Release|Mixed Platforms.ActiveCfg = Release|Any CPU
		{88391431-32B4-4D34-B9AD-0E1F4ACA961B}.Release|Mixed Platforms.Build.0 = Release|Any CPU
		{88391431-32B4-4D34-B9AD-0E1F4ACA961B}.Release|x86.ActiveCfg = Release|Any CPU
		{648A1C26-197D-482A-A368-1A92D54BF7E6}.Debug|Any CPU.ActiveCfg = Debug|Any CPU
		{648A1C26-197D-482A-A368-1A92D54BF7E6}.Debug|Any CPU.Build.0 = Debug|Any CPU
		{648A1C26-197D-482A-A368-1A92D54BF7E6}.Debug|Mixed Platforms.ActiveCfg = Debug|Any CPU
		{648A1C26-197D-482A-A368-1A92D54BF7E6}.Debug|Mixed Platforms.Build.0 = Debug|Any CPU
		{648A1C26-197D-482A-A368-1A92D54BF7E6}.Debug|x86.ActiveCfg = Debug|Any CPU
		{648A1C26-197D-482A-A368-1A92D54BF7E6}.Release|Any CPU.ActiveCfg = Release|Any CPU
		{648A1C26-197D-482A-A368-1A92D54BF7E6}.Release|Any CPU.Build.0 = Release|Any CPU
		{648A1C26-197D-482A-A368-1A92D54BF7E6}.Release|Mixed Platforms.ActiveCfg = Release|Any CPU
		{648A1C26-197D-482A-A368-1A92D54BF7E6}.Release|Mixed Platforms.Build.0 = Release|Any CPU
		{648A1C26-197D-482A-A368-1A92D54BF7E6}.Release|x86.ActiveCfg = Release|Any CPU
		{273ADE66-8AF4-4736-8068-BF5C593C7F06}.Debug|Any CPU.ActiveCfg = Debug|Any CPU
		{273ADE66-8AF4-4736-8068-BF5C593C7F06}.Debug|Any CPU.Build.0 = Debug|Any CPU
		{273ADE66-8AF4-4736-8068-BF5C593C7F06}.Debug|Mixed Platforms.ActiveCfg = Debug|Any CPU
		{273ADE66-8AF4-4736-8068-BF5C593C7F06}.Debug|Mixed Platforms.Build.0 = Debug|Any CPU
		{273ADE66-8AF4-4736-8068-BF5C593C7F06}.Debug|x86.ActiveCfg = Debug|Any CPU
		{273ADE66-8AF4-4736-8068-BF5C593C7F06}.Release|Any CPU.ActiveCfg = Release|Any CPU
		{273ADE66-8AF4-4736-8068-BF5C593C7F06}.Release|Any CPU.Build.0 = Release|Any CPU
		{273ADE66-8AF4-4736-8068-BF5C593C7F06}.Release|Mixed Platforms.ActiveCfg = Release|Any CPU
		{273ADE66-8AF4-4736-8068-BF5C593C7F06}.Release|Mixed Platforms.Build.0 = Release|Any CPU
		{273ADE66-8AF4-4736-8068-BF5C593C7F06}.Release|x86.ActiveCfg = Release|Any CPU
		{873DD65E-2C15-413D-9441-9850AC9A6B84}.Debug|Any CPU.ActiveCfg = Debug|Any CPU
		{873DD65E-2C15-413D-9441-9850AC9A6B84}.Debug|Any CPU.Build.0 = Debug|Any CPU
		{873DD65E-2C15-413D-9441-9850AC9A6B84}.Debug|Mixed Platforms.ActiveCfg = Debug|Any CPU
		{873DD65E-2C15-413D-9441-9850AC9A6B84}.Debug|Mixed Platforms.Build.0 = Debug|Any CPU
		{873DD65E-2C15-413D-9441-9850AC9A6B84}.Debug|x86.ActiveCfg = Debug|Any CPU
		{873DD65E-2C15-413D-9441-9850AC9A6B84}.Release|Any CPU.ActiveCfg = Release|Any CPU
		{873DD65E-2C15-413D-9441-9850AC9A6B84}.Release|Any CPU.Build.0 = Release|Any CPU
		{873DD65E-2C15-413D-9441-9850AC9A6B84}.Release|Mixed Platforms.ActiveCfg = Release|Any CPU
		{873DD65E-2C15-413D-9441-9850AC9A6B84}.Release|Mixed Platforms.Build.0 = Release|Any CPU
		{873DD65E-2C15-413D-9441-9850AC9A6B84}.Release|x86.ActiveCfg = Release|Any CPU
		{73C24E33-465B-424D-B35A-39F1750F705E}.Debug|Any CPU.ActiveCfg = Debug|Any CPU
		{73C24E33-465B-424D-B35A-39F1750F705E}.Debug|Any CPU.Build.0 = Debug|Any CPU
		{73C24E33-465B-424D-B35A-39F1750F705E}.Debug|Mixed Platforms.ActiveCfg = Debug|Any CPU
		{73C24E33-465B-424D-B35A-39F1750F705E}.Debug|Mixed Platforms.Build.0 = Debug|Any CPU
		{73C24E33-465B-424D-B35A-39F1750F705E}.Debug|x86.ActiveCfg = Debug|Any CPU
		{73C24E33-465B-424D-B35A-39F1750F705E}.Release|Any CPU.ActiveCfg = Release|Any CPU
		{73C24E33-465B-424D-B35A-39F1750F705E}.Release|Any CPU.Build.0 = Release|Any CPU
		{73C24E33-465B-424D-B35A-39F1750F705E}.Release|Mixed Platforms.ActiveCfg = Release|Any CPU
		{73C24E33-465B-424D-B35A-39F1750F705E}.Release|Mixed Platforms.Build.0 = Release|Any CPU
		{73C24E33-465B-424D-B35A-39F1750F705E}.Release|x86.ActiveCfg = Release|Any CPU
		{C3FC3845-B74F-498E-A8E5-80F5AE013DA0}.Debug|Any CPU.ActiveCfg = Debug|Any CPU
		{C3FC3845-B74F-498E-A8E5-80F5AE013DA0}.Debug|Any CPU.Build.0 = Debug|Any CPU
		{C3FC3845-B74F-498E-A8E5-80F5AE013DA0}.Debug|Mixed Platforms.ActiveCfg = Debug|Any CPU
		{C3FC3845-B74F-498E-A8E5-80F5AE013DA0}.Debug|Mixed Platforms.Build.0 = Debug|Any CPU
		{C3FC3845-B74F-498E-A8E5-80F5AE013DA0}.Debug|x86.ActiveCfg = Debug|Any CPU
		{C3FC3845-B74F-498E-A8E5-80F5AE013DA0}.Release|Any CPU.ActiveCfg = Release|Any CPU
		{C3FC3845-B74F-498E-A8E5-80F5AE013DA0}.Release|Any CPU.Build.0 = Release|Any CPU
		{C3FC3845-B74F-498E-A8E5-80F5AE013DA0}.Release|Mixed Platforms.ActiveCfg = Release|Any CPU
		{C3FC3845-B74F-498E-A8E5-80F5AE013DA0}.Release|Mixed Platforms.Build.0 = Release|Any CPU
		{C3FC3845-B74F-498E-A8E5-80F5AE013DA0}.Release|x86.ActiveCfg = Release|Any CPU
		{A1D86129-0342-4D94-8329-5F46FB75E92A}.Debug|Any CPU.ActiveCfg = Debug|Any CPU
		{A1D86129-0342-4D94-8329-5F46FB75E92A}.Debug|Any CPU.Build.0 = Debug|Any CPU
		{A1D86129-0342-4D94-8329-5F46FB75E92A}.Debug|Mixed Platforms.ActiveCfg = Debug|Any CPU
		{A1D86129-0342-4D94-8329-5F46FB75E92A}.Debug|Mixed Platforms.Build.0 = Debug|Any CPU
		{A1D86129-0342-4D94-8329-5F46FB75E92A}.Debug|x86.ActiveCfg = Debug|Any CPU
		{A1D86129-0342-4D94-8329-5F46FB75E92A}.Release|Any CPU.ActiveCfg = Release|Any CPU
		{A1D86129-0342-4D94-8329-5F46FB75E92A}.Release|Any CPU.Build.0 = Release|Any CPU
		{A1D86129-0342-4D94-8329-5F46FB75E92A}.Release|Mixed Platforms.ActiveCfg = Release|Any CPU
		{A1D86129-0342-4D94-8329-5F46FB75E92A}.Release|Mixed Platforms.Build.0 = Release|Any CPU
		{A1D86129-0342-4D94-8329-5F46FB75E92A}.Release|x86.ActiveCfg = Release|Any CPU
		{4B2A4172-94E9-4544-9170-912F8C84FFD4}.Debug|Any CPU.ActiveCfg = Debug|Any CPU
		{4B2A4172-94E9-4544-9170-912F8C84FFD4}.Debug|Any CPU.Build.0 = Debug|Any CPU
		{4B2A4172-94E9-4544-9170-912F8C84FFD4}.Debug|Mixed Platforms.ActiveCfg = Debug|Any CPU
		{4B2A4172-94E9-4544-9170-912F8C84FFD4}.Debug|Mixed Platforms.Build.0 = Debug|Any CPU
		{4B2A4172-94E9-4544-9170-912F8C84FFD4}.Debug|x86.ActiveCfg = Debug|Any CPU
		{4B2A4172-94E9-4544-9170-912F8C84FFD4}.Release|Any CPU.ActiveCfg = Release|Any CPU
		{4B2A4172-94E9-4544-9170-912F8C84FFD4}.Release|Any CPU.Build.0 = Release|Any CPU
		{4B2A4172-94E9-4544-9170-912F8C84FFD4}.Release|Mixed Platforms.ActiveCfg = Release|Any CPU
		{4B2A4172-94E9-4544-9170-912F8C84FFD4}.Release|Mixed Platforms.Build.0 = Release|Any CPU
		{4B2A4172-94E9-4544-9170-912F8C84FFD4}.Release|x86.ActiveCfg = Release|Any CPU
		{B2FD5071-9B3B-4DE5-A1D2-3233989DEF77}.Debug|Any CPU.ActiveCfg = Debug|Any CPU
		{B2FD5071-9B3B-4DE5-A1D2-3233989DEF77}.Debug|Any CPU.Build.0 = Debug|Any CPU
		{B2FD5071-9B3B-4DE5-A1D2-3233989DEF77}.Debug|Mixed Platforms.ActiveCfg = Debug|Any CPU
		{B2FD5071-9B3B-4DE5-A1D2-3233989DEF77}.Debug|Mixed Platforms.Build.0 = Debug|Any CPU
		{B2FD5071-9B3B-4DE5-A1D2-3233989DEF77}.Debug|x86.ActiveCfg = Debug|Any CPU
		{B2FD5071-9B3B-4DE5-A1D2-3233989DEF77}.Release|Any CPU.ActiveCfg = Release|Any CPU
		{B2FD5071-9B3B-4DE5-A1D2-3233989DEF77}.Release|Any CPU.Build.0 = Release|Any CPU
		{B2FD5071-9B3B-4DE5-A1D2-3233989DEF77}.Release|Mixed Platforms.ActiveCfg = Release|Any CPU
		{B2FD5071-9B3B-4DE5-A1D2-3233989DEF77}.Release|Mixed Platforms.Build.0 = Release|Any CPU
		{B2FD5071-9B3B-4DE5-A1D2-3233989DEF77}.Release|x86.ActiveCfg = Release|Any CPU
		{CA38430C-390A-4B09-8A29-37C57C418F1C}.Debug|Any CPU.ActiveCfg = Debug|x86
		{CA38430C-390A-4B09-8A29-37C57C418F1C}.Debug|Mixed Platforms.ActiveCfg = Debug|x86
		{CA38430C-390A-4B09-8A29-37C57C418F1C}.Debug|Mixed Platforms.Build.0 = Debug|x86
		{CA38430C-390A-4B09-8A29-37C57C418F1C}.Debug|x86.ActiveCfg = Debug|x86
		{CA38430C-390A-4B09-8A29-37C57C418F1C}.Debug|x86.Build.0 = Debug|x86
		{CA38430C-390A-4B09-8A29-37C57C418F1C}.Release|Any CPU.ActiveCfg = Release|x86
		{CA38430C-390A-4B09-8A29-37C57C418F1C}.Release|Any CPU.Build.0 = Release|x86
		{CA38430C-390A-4B09-8A29-37C57C418F1C}.Release|Mixed Platforms.ActiveCfg = Release|x86
		{CA38430C-390A-4B09-8A29-37C57C418F1C}.Release|Mixed Platforms.Build.0 = Release|x86
		{CA38430C-390A-4B09-8A29-37C57C418F1C}.Release|x86.ActiveCfg = Release|x86
		{CA38430C-390A-4B09-8A29-37C57C418F1C}.Release|x86.Build.0 = Release|x86
		{46A346F2-679E-4EED-94A5-1A36BA56C2EE}.Debug|Any CPU.ActiveCfg = Debug|Any CPU
		{46A346F2-679E-4EED-94A5-1A36BA56C2EE}.Debug|Any CPU.Build.0 = Debug|Any CPU
		{46A346F2-679E-4EED-94A5-1A36BA56C2EE}.Debug|Mixed Platforms.ActiveCfg = Debug|Any CPU
		{46A346F2-679E-4EED-94A5-1A36BA56C2EE}.Debug|Mixed Platforms.Build.0 = Debug|Any CPU
		{46A346F2-679E-4EED-94A5-1A36BA56C2EE}.Debug|x86.ActiveCfg = Debug|Any CPU
		{46A346F2-679E-4EED-94A5-1A36BA56C2EE}.Release|Any CPU.ActiveCfg = Release|Any CPU
		{46A346F2-679E-4EED-94A5-1A36BA56C2EE}.Release|Any CPU.Build.0 = Release|Any CPU
		{46A346F2-679E-4EED-94A5-1A36BA56C2EE}.Release|Mixed Platforms.ActiveCfg = Release|Any CPU
		{46A346F2-679E-4EED-94A5-1A36BA56C2EE}.Release|Mixed Platforms.Build.0 = Release|Any CPU
		{46A346F2-679E-4EED-94A5-1A36BA56C2EE}.Release|x86.ActiveCfg = Release|Any CPU
		{4D1DE8A4-0C55-49E2-AF37-3B47A8A447B2}.Debug|Any CPU.ActiveCfg = Debug|Any CPU
		{4D1DE8A4-0C55-49E2-AF37-3B47A8A447B2}.Debug|Any CPU.Build.0 = Debug|Any CPU
		{4D1DE8A4-0C55-49E2-AF37-3B47A8A447B2}.Debug|Mixed Platforms.ActiveCfg = Debug|Any CPU
		{4D1DE8A4-0C55-49E2-AF37-3B47A8A447B2}.Debug|Mixed Platforms.Build.0 = Debug|Any CPU
		{4D1DE8A4-0C55-49E2-AF37-3B47A8A447B2}.Debug|x86.ActiveCfg = Debug|Any CPU
		{4D1DE8A4-0C55-49E2-AF37-3B47A8A447B2}.Release|Any CPU.ActiveCfg = Release|Any CPU
		{4D1DE8A4-0C55-49E2-AF37-3B47A8A447B2}.Release|Any CPU.Build.0 = Release|Any CPU
		{4D1DE8A4-0C55-49E2-AF37-3B47A8A447B2}.Release|Mixed Platforms.ActiveCfg = Release|Any CPU
		{4D1DE8A4-0C55-49E2-AF37-3B47A8A447B2}.Release|Mixed Platforms.Build.0 = Release|Any CPU
		{4D1DE8A4-0C55-49E2-AF37-3B47A8A447B2}.Release|x86.ActiveCfg = Release|Any CPU
		{2D910B34-7FEE-44DC-B79F-00DA2A914295}.Debug|Any CPU.ActiveCfg = Debug|Any CPU
		{2D910B34-7FEE-44DC-B79F-00DA2A914295}.Debug|Any CPU.Build.0 = Debug|Any CPU
		{2D910B34-7FEE-44DC-B79F-00DA2A914295}.Debug|Mixed Platforms.ActiveCfg = Debug|Any CPU
		{2D910B34-7FEE-44DC-B79F-00DA2A914295}.Debug|Mixed Platforms.Build.0 = Debug|Any CPU
		{2D910B34-7FEE-44DC-B79F-00DA2A914295}.Debug|x86.ActiveCfg = Debug|Any CPU
		{2D910B34-7FEE-44DC-B79F-00DA2A914295}.Release|Any CPU.ActiveCfg = Release|Any CPU
		{2D910B34-7FEE-44DC-B79F-00DA2A914295}.Release|Any CPU.Build.0 = Release|Any CPU
		{2D910B34-7FEE-44DC-B79F-00DA2A914295}.Release|Mixed Platforms.ActiveCfg = Release|Any CPU
		{2D910B34-7FEE-44DC-B79F-00DA2A914295}.Release|Mixed Platforms.Build.0 = Release|Any CPU
		{2D910B34-7FEE-44DC-B79F-00DA2A914295}.Release|x86.ActiveCfg = Release|Any CPU
	EndGlobalSection
	GlobalSection(SolutionProperties) = preSolution
		HideSolutionNode = FALSE
	EndGlobalSection
	GlobalSection(NestedProjects) = preSolution
		{CF76541B-8289-416C-BAA6-34F586FB6F79} = {E9F6AFA3-6494-4C3E-9807-5270E91268BA}
		{F5A50144-E874-4B1F-9A3C-C82D918F7A0A} = {1C12F8F6-3898-4793-9D93-13E9D5614C6C}
		{840DE623-4378-4D9B-96F9-776980986424} = {1C12F8F6-3898-4793-9D93-13E9D5614C6C}
		{3A84638C-3C36-4884-BD71-F8E179351007} = {E9F6AFA3-6494-4C3E-9807-5270E91268BA}
		{6A36C287-9889-4809-A189-E27D322386EB} = {E9F6AFA3-6494-4C3E-9807-5270E91268BA}
		{88391431-32B4-4D34-B9AD-0E1F4ACA961B} = {E9F6AFA3-6494-4C3E-9807-5270E91268BA}
		{648A1C26-197D-482A-A368-1A92D54BF7E6} = {E9F6AFA3-6494-4C3E-9807-5270E91268BA}
		{273ADE66-8AF4-4736-8068-BF5C593C7F06} = {1C12F8F6-3898-4793-9D93-13E9D5614C6C}
		{873DD65E-2C15-413D-9441-9850AC9A6B84} = {E9F6AFA3-6494-4C3E-9807-5270E91268BA}
		{C3FC3845-B74F-498E-A8E5-80F5AE013DA0} = {E9F6AFA3-6494-4C3E-9807-5270E91268BA}
		{A1D86129-0342-4D94-8329-5F46FB75E92A} = {E9F6AFA3-6494-4C3E-9807-5270E91268BA}
		{4B2A4172-94E9-4544-9170-912F8C84FFD4} = {E9F6AFA3-6494-4C3E-9807-5270E91268BA}
		{B2FD5071-9B3B-4DE5-A1D2-3233989DEF77} = {1C12F8F6-3898-4793-9D93-13E9D5614C6C}
		{CA38430C-390A-4B09-8A29-37C57C418F1C} = {E9F6AFA3-6494-4C3E-9807-5270E91268BA}
		{4D1DE8A4-0C55-49E2-AF37-3B47A8A447B2} = {1C12F8F6-3898-4793-9D93-13E9D5614C6C}
	EndGlobalSection
	GlobalSection(CodealikeProperties) = postSolution
		SolutionGuid = a2219e19-1b78-4c95-bf79-1a843f5eb92d
	EndGlobalSection
EndGlobal
