
Microsoft Visual Studio Solution File, Format Version 12.00
# Visual Studio 2012
Project("{FAE04EC0-301F-11D3-BF4B-00C04F79EFBC}") = "TestCSharpSolution", "TestCSharpSolution\TestCSharpSolution.csproj", "{48E670F1-26C7-476B-BC3D-18524E71FD44}"
EndProject
Global
	GlobalSection(SolutionConfigurationPlatforms) = preSolution
		Debug|Any CPU = Debug|Any CPU
		Release|Any CPU = Release|Any CPU
	EndGlobalSection
	GlobalSection(ProjectConfigurationPlatforms) = postSolution
		{48E670F1-26C7-476B-BC3D-18524E71FD44}.Debug|Any CPU.ActiveCfg = Debug|Any CPU
		{48E670F1-26C7-476B-BC3D-18524E71FD44}.Debug|Any CPU.Build.0 = Debug|Any CPU
		{48E670F1-26C7-476B-BC3D-18524E71FD44}.Release|Any CPU.ActiveCfg = Release|Any CPU
		{48E670F1-26C7-476B-BC3D-18524E71FD44}.Release|Any CPU.Build.0 = Release|Any CPU
	EndGlobalSection
	GlobalSection(SolutionProperties) = preSolution
		HideSolutionNode = FALSE
	EndGlobalSection
EndGlobal
